
Microsoft Visual Studio Solution File, Format Version 12.00
# Visual Studio Version 17
VisualStudioVersion = 17.4.33205.214
MinimumVisualStudioVersion = 10.0.40219.1
Project("{9A19103F-16F7-4668-BE54-9A1E7A4F7556}") = "bai1Csharp", "bai1Csharp\bai1Csharp.csproj", "{9989A582-85C6-4463-AEDD-D87C684E5BC7}"
EndProject
Project("{9A19103F-16F7-4668-BE54-9A1E7A4F7556}") = "OOP", "OOP\OOP.csproj", "{4FC25281-89DF-4139-9476-F2B5BC2AE502}"
EndProject
Project("{9A19103F-16F7-4668-BE54-9A1E7A4F7556}") = "ExceptionHandler", "ExceptionHandler\ExceptionHandler.csproj", "{1CC4967B-EB1A-4EF9-953C-D3C6B5DDD972}"
EndProject
Project("{9A19103F-16F7-4668-BE54-9A1E7A4F7556}") = "ExampleArray", "ExampleArray\ExampleArray.csproj", "{7C032611-345D-430E-A365-F1E6697E1BFE}"
EndProject
Project("{9A19103F-16F7-4668-BE54-9A1E7A4F7556}") = "ChuoiString", "ChuoiString\ChuoiString.csproj", "{76CA5F35-104B-4143-9628-5A3B3A470711}"
EndProject
Project("{9A19103F-16F7-4668-BE54-9A1E7A4F7556}") = "Kieudulieu", "Kieudulieu\Kieudulieu.csproj", "{99F07203-F03A-4657-B5B7-106CDB073C42}"
EndProject
Project("{9A19103F-16F7-4668-BE54-9A1E7A4F7556}") = "caudieukien", "caudieukien\caudieukien.csproj", "{D70AF418-E0F9-4A92-95E2-20CCA9CAAF46}"
EndProject
Project("{FAE04EC0-301F-11D3-BF4B-00C04F79EFBC}") = "method", "method\method.csproj", "{4361E9EA-78DD-409C-945B-EFA74DBC44FB}"
EndProject
Global
	GlobalSection(SolutionConfigurationPlatforms) = preSolution
		Debug|Any CPU = Debug|Any CPU
		Release|Any CPU = Release|Any CPU
	EndGlobalSection
	GlobalSection(ProjectConfigurationPlatforms) = postSolution
		{9989A582-85C6-4463-AEDD-D87C684E5BC7}.Debug|Any CPU.ActiveCfg = Debug|Any CPU
		{9989A582-85C6-4463-AEDD-D87C684E5BC7}.Debug|Any CPU.Build.0 = Debug|Any CPU
		{9989A582-85C6-4463-AEDD-D87C684E5BC7}.Release|Any CPU.ActiveCfg = Release|Any CPU
		{9989A582-85C6-4463-AEDD-D87C684E5BC7}.Release|Any CPU.Build.0 = Release|Any CPU
		{4FC25281-89DF-4139-9476-F2B5BC2AE502}.Debug|Any CPU.ActiveCfg = Debug|Any CPU
		{4FC25281-89DF-4139-9476-F2B5BC2AE502}.Debug|Any CPU.Build.0 = Debug|Any CPU
		{4FC25281-89DF-4139-9476-F2B5BC2AE502}.Release|Any CPU.ActiveCfg = Release|Any CPU
		{4FC25281-89DF-4139-9476-F2B5BC2AE502}.Release|Any CPU.Build.0 = Release|Any CPU
		{1CC4967B-EB1A-4EF9-953C-D3C6B5DDD972}.Debug|Any CPU.ActiveCfg = Debug|Any CPU
		{1CC4967B-EB1A-4EF9-953C-D3C6B5DDD972}.Debug|Any CPU.Build.0 = Debug|Any CPU
		{1CC4967B-EB1A-4EF9-953C-D3C6B5DDD972}.Release|Any CPU.ActiveCfg = Release|Any CPU
		{1CC4967B-EB1A-4EF9-953C-D3C6B5DDD972}.Release|Any CPU.Build.0 = Release|Any CPU
		{7C032611-345D-430E-A365-F1E6697E1BFE}.Debug|Any CPU.ActiveCfg = Debug|Any CPU
		{7C032611-345D-430E-A365-F1E6697E1BFE}.Debug|Any CPU.Build.0 = Debug|Any CPU
		{7C032611-345D-430E-A365-F1E6697E1BFE}.Release|Any CPU.ActiveCfg = Release|Any CPU
		{7C032611-345D-430E-A365-F1E6697E1BFE}.Release|Any CPU.Build.0 = Release|Any CPU
		{76CA5F35-104B-4143-9628-5A3B3A470711}.Debug|Any CPU.ActiveCfg = Debug|Any CPU
		{76CA5F35-104B-4143-9628-5A3B3A470711}.Debug|Any CPU.Build.0 = Debug|Any CPU
		{76CA5F35-104B-4143-9628-5A3B3A470711}.Release|Any CPU.ActiveCfg = Release|Any CPU
		{76CA5F35-104B-4143-9628-5A3B3A470711}.Release|Any CPU.Build.0 = Release|Any CPU
		{99F07203-F03A-4657-B5B7-106CDB073C42}.Debug|Any CPU.ActiveCfg = Debug|Any CPU
		{99F07203-F03A-4657-B5B7-106CDB073C42}.Debug|Any CPU.Build.0 = Debug|Any CPU
		{99F07203-F03A-4657-B5B7-106CDB073C42}.Release|Any CPU.ActiveCfg = Release|Any CPU
		{99F07203-F03A-4657-B5B7-106CDB073C42}.Release|Any CPU.Build.0 = Release|Any CPU
		{D70AF418-E0F9-4A92-95E2-20CCA9CAAF46}.Debug|Any CPU.ActiveCfg = Debug|Any CPU
		{D70AF418-E0F9-4A92-95E2-20CCA9CAAF46}.Debug|Any CPU.Build.0 = Debug|Any CPU
		{D70AF418-E0F9-4A92-95E2-20CCA9CAAF46}.Release|Any CPU.ActiveCfg = Release|Any CPU
		{D70AF418-E0F9-4A92-95E2-20CCA9CAAF46}.Release|Any CPU.Build.0 = Release|Any CPU
		{4361E9EA-78DD-409C-945B-EFA74DBC44FB}.Debug|Any CPU.ActiveCfg = Debug|Any CPU
		{4361E9EA-78DD-409C-945B-EFA74DBC44FB}.Debug|Any CPU.Build.0 = Debug|Any CPU
		{4361E9EA-78DD-409C-945B-EFA74DBC44FB}.Release|Any CPU.ActiveCfg = Release|Any CPU
		{4361E9EA-78DD-409C-945B-EFA74DBC44FB}.Release|Any CPU.Build.0 = Release|Any CPU
	EndGlobalSection
	GlobalSection(SolutionProperties) = preSolution
		HideSolutionNode = FALSE
	EndGlobalSection
	GlobalSection(ExtensibilityGlobals) = postSolution
		SolutionGuid = {7CDEACA4-BC36-4888-ACDC-FF1E47FEAE9D}
	EndGlobalSection
EndGlobal
